
Microsoft Visual Studio Solution File, Format Version 12.00
# Visual Studio Version 16
VisualStudioVersion = 16.0.29613.14
MinimumVisualStudioVersion = 10.0.40219.1
Project("{9A19103F-16F7-4668-BE54-9A1E7A4F7556}") = "Ngrok.AspNetCore", "src\Ngrok.AspNetCore\Ngrok.AspNetCore.csproj", "{2AEDAB6B-CD52-4F18-9538-69CEA05D1FB2}"
EndProject
Project("{9A19103F-16F7-4668-BE54-9A1E7A4F7556}") = "Ngrok.AspNetCore.Sample", "sample\Ngrok.AspNetCore.Sample\Ngrok.AspNetCore.Sample.csproj", "{ED503E74-1A27-4492-A274-F7C5C0C43539}"
EndProject
Project("{9A19103F-16F7-4668-BE54-9A1E7A4F7556}") = "Ngrok.ApiClient", "src\Ngrok.ApiClient\Ngrok.ApiClient.csproj", "{D5AFB532-EDD2-4F03-9628-2ECBB62922E8}"
EndProject
Project("{9A19103F-16F7-4668-BE54-9A1E7A4F7556}") = "Ngrok.ApiClient.IntegrationTests", "test\Ngrok.ApiClient.IntegrationTests\Ngrok.ApiClient.IntegrationTests.csproj", "{86F1FE1F-AEAF-42F7-9F5E-3C861319A761}"
EndProject
Project("{9A19103F-16F7-4668-BE54-9A1E7A4F7556}") = "Ngrok.AspNetCore.UnitTests", "test\Ngrok.AspNetCore.UnitTests\Ngrok.AspNetCore.UnitTests.csproj", "{A550A8B4-DEB6-4433-9CC1-06D0BC107016}"
EndProject
Project("{2150E333-8FDC-42A3-9474-1A3956D46DE8}") = "Tests", "Tests", "{7E68639E-4949-4AF3-9995-87B149DE1445}"
EndProject
Project("{2150E333-8FDC-42A3-9474-1A3956D46DE8}") = "Src", "Src", "{D2902BF4-A87F-4308-B73B-8C95C5F6FA80}"
EndProject
Project("{2150E333-8FDC-42A3-9474-1A3956D46DE8}") = "Sample", "Sample", "{E68B3379-56E0-4141-BC7D-F86BEF415CA0}"
EndProject
Project("{2150E333-8FDC-42A3-9474-1A3956D46DE8}") = "Solution Items", "Solution Items", "{5F0A6606-086D-4BFD-AD63-AFDEE591E3C0}"
	ProjectSection(SolutionItems) = preProject
		.editorconfig = .editorconfig
	EndProjectSection
EndProject
Global
	GlobalSection(SolutionConfigurationPlatforms) = preSolution
		Debug|Any CPU = Debug|Any CPU
		Release|Any CPU = Release|Any CPU
	EndGlobalSection
	GlobalSection(ProjectConfigurationPlatforms) = postSolution
		{2AEDAB6B-CD52-4F18-9538-69CEA05D1FB2}.Debug|Any CPU.ActiveCfg = Debug|Any CPU
		{2AEDAB6B-CD52-4F18-9538-69CEA05D1FB2}.Debug|Any CPU.Build.0 = Debug|Any CPU
		{2AEDAB6B-CD52-4F18-9538-69CEA05D1FB2}.Release|Any CPU.ActiveCfg = Release|Any CPU
		{2AEDAB6B-CD52-4F18-9538-69CEA05D1FB2}.Release|Any CPU.Build.0 = Release|Any CPU
		{ED503E74-1A27-4492-A274-F7C5C0C43539}.Debug|Any CPU.ActiveCfg = Debug|Any CPU
		{ED503E74-1A27-4492-A274-F7C5C0C43539}.Debug|Any CPU.Build.0 = Debug|Any CPU
		{ED503E74-1A27-4492-A274-F7C5C0C43539}.Release|Any CPU.ActiveCfg = Release|Any CPU
		{ED503E74-1A27-4492-A274-F7C5C0C43539}.Release|Any CPU.Build.0 = Release|Any CPU
		{D5AFB532-EDD2-4F03-9628-2ECBB62922E8}.Debug|Any CPU.ActiveCfg = Debug|Any CPU
		{D5AFB532-EDD2-4F03-9628-2ECBB62922E8}.Debug|Any CPU.Build.0 = Debug|Any CPU
		{D5AFB532-EDD2-4F03-9628-2ECBB62922E8}.Release|Any CPU.ActiveCfg = Release|Any CPU
		{D5AFB532-EDD2-4F03-9628-2ECBB62922E8}.Release|Any CPU.Build.0 = Release|Any CPU
		{86F1FE1F-AEAF-42F7-9F5E-3C861319A761}.Debug|Any CPU.ActiveCfg = Debug|Any CPU
		{86F1FE1F-AEAF-42F7-9F5E-3C861319A761}.Debug|Any CPU.Build.0 = Debug|Any CPU
		{86F1FE1F-AEAF-42F7-9F5E-3C861319A761}.Release|Any CPU.ActiveCfg = Release|Any CPU
		{86F1FE1F-AEAF-42F7-9F5E-3C861319A761}.Release|Any CPU.Build.0 = Release|Any CPU
		{A550A8B4-DEB6-4433-9CC1-06D0BC107016}.Debug|Any CPU.ActiveCfg = Debug|Any CPU
		{A550A8B4-DEB6-4433-9CC1-06D0BC107016}.Debug|Any CPU.Build.0 = Debug|Any CPU
		{A550A8B4-DEB6-4433-9CC1-06D0BC107016}.Release|Any CPU.ActiveCfg = Release|Any CPU
		{A550A8B4-DEB6-4433-9CC1-06D0BC107016}.Release|Any CPU.Build.0 = Release|Any CPU
	EndGlobalSection
	GlobalSection(SolutionProperties) = preSolution
		HideSolutionNode = FALSE
	EndGlobalSection
	GlobalSection(NestedProjects) = preSolution
		{2AEDAB6B-CD52-4F18-9538-69CEA05D1FB2} = {D2902BF4-A87F-4308-B73B-8C95C5F6FA80}
		{ED503E74-1A27-4492-A274-F7C5C0C43539} = {E68B3379-56E0-4141-BC7D-F86BEF415CA0}
		{D5AFB532-EDD2-4F03-9628-2ECBB62922E8} = {D2902BF4-A87F-4308-B73B-8C95C5F6FA80}
		{86F1FE1F-AEAF-42F7-9F5E-3C861319A761} = {7E68639E-4949-4AF3-9995-87B149DE1445}
		{A550A8B4-DEB6-4433-9CC1-06D0BC107016} = {7E68639E-4949-4AF3-9995-87B149DE1445}
	EndGlobalSection
	GlobalSection(ExtensibilityGlobals) = postSolution
		SolutionGuid = {03329965-2AFC-4B22-B7A4-9AAD58FFB0C5}
	EndGlobalSection
EndGlobal
