{
  "version": 1,
  "dependencies": {
    ".NETCoreApp,Version=v3.1": {
      "Microsoft.SourceLink.GitHub": {
        "type": "Direct",
        "requested": "[1.0.0, )",
        "resolved": "1.0.0",
        "contentHash": "aZyGyGg2nFSxix+xMkPmlmZSsnGQ3w+mIG23LTxJZHN+GPwTQ5FpPgDo7RMOq+Kcf5D4hFWfXkGhoGstawX13Q==",
        "dependencies": {
          "Microsoft.Build.Tasks.Git": "1.0.0",
          "Microsoft.SourceLink.Common": "1.0.0"
        }
      },
      "Microsoft.VisualStudio.Azure.Containers.Tools.Targets": {
        "type": "Direct",
        "requested": "[1.9.10, )",
        "resolved": "1.9.10",
        "contentHash": "d5/5CDc4TAjrgO9oyyj+FHUDVumxgrlCMJqDtUX4GyTnr1Q/BP88PhnVunRZ9AQcL2UQkM4EkRNyFelPXunHtw=="
      },
      "Microsoft.AspNetCore.Hosting": {
        "type": "Transitive",
        "resolved": "2.2.7",
        "contentHash": "O0ZBE53Fa9bVGXykDzvgMFW0Pe1QyPPFg1pazN8l3RUFSWBsDJ9/iD1LHXgADA8+ZD3R/1zkvraPa9SZdievxQ==",
        "dependencies": {
          "Microsoft.AspNetCore.Hosting.Abstractions": "2.2.0",
          "Microsoft.AspNetCore.Http": "2.2.0",
          "Microsoft.AspNetCore.Http.Extensions": "2.2.0",
          "Microsoft.Extensions.Configuration": "2.2.0",
          "Microsoft.Extensions.Configuration.EnvironmentVariables": "2.2.4",
          "Microsoft.Extensions.Configuration.FileExtensions": "2.2.0",
          "Microsoft.Extensions.DependencyInjection": "2.2.0",
          "Microsoft.Extensions.FileProviders.Physical": "2.2.0",
          "Microsoft.Extensions.Hosting.Abstractions": "2.2.0",
          "Microsoft.Extensions.Logging": "2.2.0",
          "Microsoft.Extensions.Options": "2.2.0",
          "System.Diagnostics.DiagnosticSource": "4.5.1",
          "System.Reflection.Metadata": "1.6.0"
        }
      },
      "Microsoft.AspNetCore.Hosting.Abstractions": {
        "type": "Transitive",
        "resolved": "2.2.0",
        "contentHash": "ubycklv+ZY7Kutdwuy1W4upWcZ6VFR8WUXU7l7B2+mvbDBBPAcfpi+E+Y5GFe+Q157YfA3C49D2GCjAZc7Mobw==",
        "dependencies": {
          "Microsoft.AspNetCore.Hosting.Server.Abstractions": "2.2.0",
          "Microsoft.AspNetCore.Http.Abstractions": "2.2.0",
          "Microsoft.Extensions.Hosting.Abstractions": "2.2.0"
        }
      },
      "Microsoft.AspNetCore.Hosting.Server.Abstractions": {
        "type": "Transitive",
        "resolved": "2.2.0",
        "contentHash": "1PMijw8RMtuQF60SsD/JlKtVfvh4NORAhF4wjysdABhlhTrYmtgssqyncR0Stq5vqtjplZcj6kbT4LRTglt9IQ==",
        "dependencies": {
          "Microsoft.AspNetCore.Http.Features": "2.2.0",
          "Microsoft.Extensions.Configuration.Abstractions": "2.2.0"
        }
      },
      "Microsoft.AspNetCore.Http": {
        "type": "Transitive",
        "resolved": "2.2.0",
        "contentHash": "YogBSMotWPAS/X5967pZ+yyWPQkThxhmzAwyCHCSSldzYBkW5W5d6oPfBaPqQOnSHYTpSOSOkpZoAce0vwb6+A==",
        "dependencies": {
          "Microsoft.AspNetCore.Http.Abstractions": "2.2.0",
          "Microsoft.AspNetCore.WebUtilities": "2.2.0",
          "Microsoft.Extensions.ObjectPool": "2.2.0",
          "Microsoft.Extensions.Options": "2.2.0",
          "Microsoft.Net.Http.Headers": "2.2.0"
        }
      },
      "Microsoft.AspNetCore.Http.Abstractions": {
        "type": "Transitive",
        "resolved": "2.2.0",
        "contentHash": "Nxs7Z1q3f1STfLYKJSVXCs1iBl+Ya6E8o4Oy1bCxJ/rNI44E/0f6tbsrVqAWfB7jlnJfyaAtIalBVxPKUPQb4Q==",
        "dependencies": {
          "Microsoft.AspNetCore.Http.Features": "2.2.0",
          "System.Text.Encodings.Web": "4.5.0"
        }
      },
      "Microsoft.AspNetCore.Http.Extensions": {
        "type": "Transitive",
        "resolved": "2.2.0",
        "contentHash": "2DgZ9rWrJtuR7RYiew01nGRzuQBDaGHGmK56Rk54vsLLsCdzuFUPqbDTJCS1qJQWTbmbIQ9wGIOjpxA1t0l7/w==",
        "dependencies": {
          "Microsoft.AspNetCore.Http.Abstractions": "2.2.0",
          "Microsoft.Extensions.FileProviders.Abstractions": "2.2.0",
          "Microsoft.Net.Http.Headers": "2.2.0",
          "System.Buffers": "4.5.0"
        }
      },
      "Microsoft.AspNetCore.Http.Features": {
        "type": "Transitive",
        "resolved": "2.2.0",
        "contentHash": "ziFz5zH8f33En4dX81LW84I6XrYXKf9jg6aM39cM+LffN9KJahViKZ61dGMSO2gd3e+qe5yBRwsesvyqlZaSMg==",
        "dependencies": {
          "Microsoft.Extensions.Primitives": "2.2.0"
        }
      },
      "Microsoft.AspNetCore.WebUtilities": {
        "type": "Transitive",
        "resolved": "2.2.0",
        "contentHash": "9ErxAAKaDzxXASB/b5uLEkLgUWv1QbeVxyJYEHQwMaxXOeFFVkQxiq8RyfVcifLU7NR0QY0p3acqx4ZpYfhHDg==",
        "dependencies": {
          "Microsoft.Net.Http.Headers": "2.2.0",
          "System.Text.Encodings.Web": "4.5.0"
        }
      },
      "Microsoft.Build.Tasks.Git": {
        "type": "Transitive",
        "resolved": "1.0.0",
        "contentHash": "z2fpmmt+1Jfl+ZnBki9nSP08S1/tbEOxFdsK1rSR+LBehIJz1Xv9/6qOOoGNqlwnAGGVGis1Oj6S8Kt9COEYlQ=="
      },
      "Microsoft.Extensions.Configuration": {
        "type": "Transitive",
        "resolved": "3.1.2",
        "contentHash": "BxwRSBab309SYMCDCFyB6eSc7FnX5m9kOJQHw2IQIyb5PEtpfslhscTw63Gwhl3dPnaM1VGFXIyI0BVgpiLgOw==",
        "dependencies": {
          "Microsoft.Extensions.Configuration.Abstractions": "3.1.2"
        }
      },
      "Microsoft.Extensions.Configuration.Abstractions": {
        "type": "Transitive",
        "resolved": "3.1.2",
        "contentHash": "xmfdVdazTslWJ8od7uNS9QSPqn1wBC84RLprPrFS20EdAqd3lV0g0IZAitYbCiiICpjktnhzbUb85aLHNZ3RQw==",
        "dependencies": {
          "Microsoft.Extensions.Primitives": "3.1.2"
        }
      },
      "Microsoft.Extensions.Configuration.Binder": {
        "type": "Transitive",
        "resolved": "3.1.2",
        "contentHash": "IWrc9/voGki2pc5g8bRXIqs+P50tXOjNf47qgFKSu/pL50InRuXxh/nj5AG9Po8YRpvT/bYIUk3XQqHH7yUg5w==",
        "dependencies": {
          "Microsoft.Extensions.Configuration": "3.1.2"
        }
      },
      "Microsoft.Extensions.Configuration.CommandLine": {
        "type": "Transitive",
        "resolved": "3.1.2",
        "contentHash": "voJoqXRGnfB4nw3LRL6QY/rnYdaZA2vFCMbRzPP2iE13XbZciJhGR0fvTsDKyFA9VfQJzPgIj+F/0S0Zqdxt4w==",
        "dependencies": {
          "Microsoft.Extensions.Configuration": "3.1.2"
        }
      },
      "Microsoft.Extensions.Configuration.EnvironmentVariables": {
        "type": "Transitive",
        "resolved": "3.1.2",
        "contentHash": "AdpldFyx0PlwbgUatdj89jC/n5n2dqXP865NwM77bu9LcnEmWX37QTSAKeZT5a13c6G5MQ1v4lAGz2a9wpPf/g==",
        "dependencies": {
          "Microsoft.Extensions.Configuration": "3.1.2"
        }
      },
      "Microsoft.Extensions.Configuration.FileExtensions": {
        "type": "Transitive",
        "resolved": "3.1.2",
        "contentHash": "itZcJUf2IRa4e4NFTQgR4JUmwndEU5O0isQsKkZXHiHXwExgLkX9D09R7YIK272w3jpKaYw/DejntAC7zzsNWg==",
        "dependencies": {
          "Microsoft.Extensions.Configuration": "3.1.2",
          "Microsoft.Extensions.FileProviders.Physical": "3.1.2"
        }
      },
      "Microsoft.Extensions.Configuration.Json": {
        "type": "Transitive",
        "resolved": "3.1.2",
        "contentHash": "AQ64UCqGXP2UTfkVE1fdUJdlKEEiFZIOXpt6lkIz+tunuJWh1m+/eIppY+ITgjoKsfFc2W8ldNonIntHx5ybNQ==",
        "dependencies": {
          "Microsoft.Extensions.Configuration": "3.1.2",
          "Microsoft.Extensions.Configuration.FileExtensions": "3.1.2"
        }
      },
      "Microsoft.Extensions.Configuration.UserSecrets": {
        "type": "Transitive",
        "resolved": "3.1.2",
        "contentHash": "1YOSOCsOUPVbcTDU+bifeT1z5dtMdwaZywWdKYocDBHwoILmxRsIKYS8CWVYPIggliHPEwjonNZfpdIktJkNiw==",
        "dependencies": {
          "Microsoft.Extensions.Configuration.Json": "3.1.2"
        }
      },
      "Microsoft.Extensions.DependencyInjection": {
        "type": "Transitive",
        "resolved": "3.1.2",
        "contentHash": "e+F6/wjQPOFHB/sGWTAqC8FX/C6+JZWWLpryXTAQYIS3tr+17lByADdP9Y6RtxfJ4kW/IPrU6RuxTNZNdAQz1A==",
        "dependencies": {
          "Microsoft.Extensions.DependencyInjection.Abstractions": "3.1.2"
        }
      },
      "Microsoft.Extensions.DependencyInjection.Abstractions": {
        "type": "Transitive",
        "resolved": "3.1.2",
        "contentHash": "/CZzCSCIm/3FFoXHfUpsfov/Elo268dcvlz/MMINT0vPgphqg2pAgdEn/EjCDyoAT3NAmsRmjfGwBumC1uYJtA=="
      },
      "Microsoft.Extensions.FileProviders.Abstractions": {
        "type": "Transitive",
        "resolved": "3.1.2",
        "contentHash": "O9+N6KuA7kiPIYpdgRFFveKRyI3X2hLgdqdEwQki0MOA5XtCVOkxz8O+6CK1+b1a7Y1TildGfx3i+h/652vyHg==",
        "dependencies": {
          "Microsoft.Extensions.Primitives": "3.1.2"
        }
      },
      "Microsoft.Extensions.FileProviders.Physical": {
        "type": "Transitive",
        "resolved": "3.1.2",
        "contentHash": "lAbbwKapBfwGLVcfNL7TG4o7zRqLOiVY7/ylUKgnh2D9TotJ2riXzNTmQldksIYrmcJcNrq/WBalTpawSSAkJg==",
        "dependencies": {
          "Microsoft.Extensions.FileProviders.Abstractions": "3.1.2",
          "Microsoft.Extensions.FileSystemGlobbing": "3.1.2"
        }
      },
      "Microsoft.Extensions.FileSystemGlobbing": {
        "type": "Transitive",
        "resolved": "3.1.2",
        "contentHash": "/EgWQ25z1RZgzAT6JSOJiuQ/PFm53Kl1H3kzAgs5JIh52UaD1RmxW1znv5VbQlTfgLzRSeQZ3aPPA9SNakuSzw=="
      },
      "Microsoft.Extensions.Hosting": {
        "type": "Transitive",
        "resolved": "3.1.2",
        "contentHash": "v/7IgJwnb/eRVz7rH7nGrsFkDm9nLFmfqwzcjzTb1ZYC4ktF+rcNZN3zMEBqKk4fa6yLvWf/fdc4JNKosZbeCQ==",
        "dependencies": {
          "Microsoft.Extensions.Configuration": "3.1.2",
          "Microsoft.Extensions.Configuration.CommandLine": "3.1.2",
          "Microsoft.Extensions.Configuration.EnvironmentVariables": "3.1.2",
          "Microsoft.Extensions.Configuration.UserSecrets": "3.1.2",
          "Microsoft.Extensions.DependencyInjection": "3.1.2",
          "Microsoft.Extensions.FileProviders.Physical": "3.1.2",
          "Microsoft.Extensions.Hosting.Abstractions": "3.1.2",
          "Microsoft.Extensions.Logging": "3.1.2",
          "Microsoft.Extensions.Logging.Console": "3.1.2",
          "Microsoft.Extensions.Logging.Debug": "3.1.2",
          "Microsoft.Extensions.Logging.EventLog": "3.1.2",
          "Microsoft.Extensions.Logging.EventSource": "3.1.2"
        }
      },
      "Microsoft.Extensions.Hosting.Abstractions": {
        "type": "Transitive",
        "resolved": "3.1.2",
        "contentHash": "oafEsTwy1ed4zycyjzgFet58IW3I/aC1uUJTWpFAs3mjkQzW52LqVlE/9AAW2IVk4q8EPw+GPsiFB17qYksNXQ==",
        "dependencies": {
          "Microsoft.Extensions.Configuration.Abstractions": "3.1.2",
          "Microsoft.Extensions.DependencyInjection.Abstractions": "3.1.2",
          "Microsoft.Extensions.FileProviders.Abstractions": "3.1.2",
          "Microsoft.Extensions.Logging.Abstractions": "3.1.2"
        }
      },
      "Microsoft.Extensions.Http": {
        "type": "Transitive",
        "resolved": "3.1.2",
        "contentHash": "dKaGiTYbIB+6tSS4sW6tkoKLcwOMRu+a5ERNMJNsmU+ba2alemD1eY1f2qXu96aNtshYwpI2EaSCPvLGX1JzAw==",
        "dependencies": {
          "Microsoft.Extensions.DependencyInjection.Abstractions": "3.1.2",
          "Microsoft.Extensions.Logging": "3.1.2",
          "Microsoft.Extensions.Options": "3.1.2"
        }
      },
      "Microsoft.Extensions.Logging": {
        "type": "Transitive",
        "resolved": "3.1.2",
        "contentHash": "AIIRgKamzEqJNLZsHd37VogFX9YpxgrBmf/b3dznD7S0qjxWQnAs498ulLV1n6AKJ8XVjTCBNzsvQiSwCa7dIw==",
        "dependencies": {
          "Microsoft.Extensions.Configuration.Binder": "3.1.2",
          "Microsoft.Extensions.DependencyInjection": "3.1.2",
          "Microsoft.Extensions.Logging.Abstractions": "3.1.2",
          "Microsoft.Extensions.Options": "3.1.2"
        }
      },
      "Microsoft.Extensions.Logging.Abstractions": {
        "type": "Transitive",
        "resolved": "3.1.2",
        "contentHash": "cIXPw7VVX3fON4uuHwJFmCi0qDl8uY75xZMKB2oM3In0ZDEB1Ee+p9Ti1DSw92AwRtJ2Zh+QG1joTBednJMzvA=="
      },
      "Microsoft.Extensions.Logging.Configuration": {
        "type": "Transitive",
        "resolved": "3.1.2",
        "contentHash": "Bci7HS4W4zvY0UPj/K0rVjq4UrNOB7TJyuXr4CD2L2Hdau8UIh7BpYvF6bijMXT+EyXneEb8bRdoewY/AV3GDA==",
        "dependencies": {
          "Microsoft.Extensions.Logging": "3.1.2",
          "Microsoft.Extensions.Options.ConfigurationExtensions": "3.1.2"
        }
      },
      "Microsoft.Extensions.Logging.Console": {
        "type": "Transitive",
        "resolved": "3.1.2",
        "contentHash": "B0NYqwMDZ/0PwK0SWEoOIVEz8nEIwDmeuARFJxVzVHAvS5jwmHmbyEEzjoE/HMyhTSzktfihW/rnvGPwqCtveQ==",
        "dependencies": {
          "Microsoft.Extensions.Configuration.Abstractions": "3.1.2",
          "Microsoft.Extensions.Logging": "3.1.2",
          "Microsoft.Extensions.Logging.Configuration": "3.1.2"
        }
      },
      "Microsoft.Extensions.Logging.Debug": {
        "type": "Transitive",
        "resolved": "3.1.2",
        "contentHash": "dEBzfBfaeJuzK9tc5gAz2mq8XyK/nG8O/nFzYvj3Xpai8Jg2+ATfod9rOfEiLsKuxQBJphS1Uku5Yi0178R30Q==",
        "dependencies": {
          "Microsoft.Extensions.Logging": "3.1.2"
        }
      },
      "Microsoft.Extensions.Logging.EventLog": {
        "type": "Transitive",
        "resolved": "3.1.2",
        "contentHash": "839T7wGsE+f4CnBwiA82MMnnZf1B1cUBK2PYA8IcysOXsCrFzlM+sUwfzcAySXTNDG8IeMBBi0DZMLWMXhTbjQ==",
        "dependencies": {
          "Microsoft.Extensions.Logging": "3.1.2",
          "System.Diagnostics.EventLog": "4.7.0"
        }
      },
      "Microsoft.Extensions.Logging.EventSource": {
        "type": "Transitive",
        "resolved": "3.1.2",
        "contentHash": "8Y/VYarFYNZxXNi5cHp49VTuPyV3+Q2U7a9tCuS1TTBMBtQ+M5RNucQGrqquZ2DD9kdhEwrSThwzzjjN2nn0fw==",
        "dependencies": {
          "Microsoft.Extensions.Logging": "3.1.2"
        }
      },
      "Microsoft.Extensions.ObjectPool": {
        "type": "Transitive",
        "resolved": "2.2.0",
        "contentHash": "gA8H7uQOnM5gb+L0uTNjViHYr+hRDqCdfugheGo/MxQnuHzmhhzCBTIPm19qL1z1Xe0NEMabfcOBGv9QghlZ8g=="
      },
      "Microsoft.Extensions.Options": {
        "type": "Transitive",
        "resolved": "3.1.2",
        "contentHash": "6F4anwt9yMlnQckac2etjrasRFyqZNIp46p+i9qVps0DXNsOLZIKRkqq4AY4FlxXxKeGkEJC7M77RQEkvd3p8Q==",
        "dependencies": {
          "Microsoft.Extensions.DependencyInjection.Abstractions": "3.1.2",
          "Microsoft.Extensions.Primitives": "3.1.2"
        }
      },
      "Microsoft.Extensions.Options.ConfigurationExtensions": {
        "type": "Transitive",
        "resolved": "3.1.2",
        "contentHash": "NJRuISEgTUh3/ehm0mwGx1FhepKQuUxfMm0BKJ0b8UNABuDaXFLtlV/5Bd9hT5vmeZTGGB4hvM02uRaCiSACNw==",
        "dependencies": {
          "Microsoft.Extensions.Configuration.Abstractions": "3.1.2",
          "Microsoft.Extensions.Configuration.Binder": "3.1.2",
          "Microsoft.Extensions.DependencyInjection.Abstractions": "3.1.2",
          "Microsoft.Extensions.Options": "3.1.2"
        }
      },
      "Microsoft.Extensions.Primitives": {
        "type": "Transitive",
        "resolved": "3.1.2",
        "contentHash": "WGtoFWY9yc9HGMG6ObDNQPz9dBP+xz/GqFe2dKjdE/cSdXFEKxCFTyYCzL/e8kxVkc/Bq9qjOsXRWydvn0g9Uw=="
      },
      "Microsoft.Net.Http.Headers": {
        "type": "Transitive",
        "resolved": "2.2.0",
        "contentHash": "iZNkjYqlo8sIOI0bQfpsSoMTmB/kyvmV2h225ihyZT33aTp48ZpF6qYnXxzSXmHt8DpBAwBTX+1s1UFLbYfZKg==",
        "dependencies": {
          "Microsoft.Extensions.Primitives": "2.2.0",
          "System.Buffers": "4.5.0"
        }
      },
      "Microsoft.NETCore.Platforms": {
        "type": "Transitive",
        "resolved": "3.1.0",
        "contentHash": "z7aeg8oHln2CuNulfhiLYxCVMPEwBl3rzicjvIX+4sUuCwvXw5oXQEtbiU2c0z4qYL5L3Kmx0mMA/+t/SbY67w=="
      },
      "Microsoft.SourceLink.Common": {
        "type": "Transitive",
        "resolved": "1.0.0",
        "contentHash": "G8DuQY8/DK5NN+3jm5wcMcd9QYD90UV7MiLmdljSJixi3U/vNaeBKmmXUqI4DJCOeWizIUEh4ALhSt58mR+5eg=="
      },
      "Microsoft.Win32.Registry": {
        "type": "Transitive",
        "resolved": "4.7.0",
        "contentHash": "KSrRMb5vNi0CWSGG1++id2ZOs/1QhRqROt+qgbEAdQuGjGrFcl4AOl4/exGPUYz2wUnU42nvJqon1T3U0kPXLA==",
        "dependencies": {
          "System.Security.AccessControl": "4.7.0",
          "System.Security.Principal.Windows": "4.7.0"
        }
      },
      "Mono.Posix.NETStandard": {
        "type": "Transitive",
        "resolved": "1.0.0",
        "contentHash": "vSN/L1uaVwKsiLa95bYu2SGkF0iY3xMblTfxc8alSziPuVfJpj3geVqHGAA75J7cZkMuKpFVikz82Lo6y6LLdA=="
      },
      "Newtonsoft.Json": {
        "type": "Transitive",
        "resolved": "12.0.3",
        "contentHash": "6mgjfnRB4jKMlzHSl+VD+oUc1IebOZabkbyWj2RiTgWwYPPuaK1H97G1sHqGwPlS5npiF5Q0OrxN1wni2n5QWg=="
      },
      "System.Buffers": {
        "type": "Transitive",
        "resolved": "4.5.0",
        "contentHash": "pL2ChpaRRWI/p4LXyy4RgeWlYF2sgfj/pnVMvBqwNFr5cXg7CXNnWZWxrOONLg8VGdFB8oB+EG2Qw4MLgTOe+A=="
      },
      "System.Diagnostics.DiagnosticSource": {
        "type": "Transitive",
        "resolved": "4.5.1",
        "contentHash": "zCno/m44ymWhgLFh7tELDG9587q0l/EynPM0m4KgLaWQbz/TEKvNRX2YT5ip2qXW/uayifQ2ZqbnErsKJ4lYrQ=="
      },
      "System.Diagnostics.EventLog": {
        "type": "Transitive",
        "resolved": "4.7.0",
        "contentHash": "iDoKGQcRwX0qwY+eAEkaJGae0d/lHlxtslO+t8pJWAUxlvY3tqLtVOPnW2UU4cFjP0Y/L1QBqhkZfSyGqVMR2w==",
        "dependencies": {
          "Microsoft.NETCore.Platforms": "3.1.0",
          "Microsoft.Win32.Registry": "4.7.0",
          "System.Security.Principal.Windows": "4.7.0"
        }
      },
      "System.Reflection.Metadata": {
        "type": "Transitive",
        "resolved": "1.6.0",
        "contentHash": "COC1aiAJjCoA5GBF+QKL2uLqEBew4JsCkQmoHKbN3TlOZKa2fKLz5CpiRQKDz0RsAOEGsVKqOD5bomsXq/4STQ=="
      },
      "System.Security.AccessControl": {
        "type": "Transitive",
        "resolved": "4.7.0",
        "contentHash": "JECvTt5aFF3WT3gHpfofL2MNNP6v84sxtXxpqhLBCcDRzqsPBmHhQ6shv4DwwN2tRlzsUxtb3G9M3763rbXKDg==",
        "dependencies": {
          "Microsoft.NETCore.Platforms": "3.1.0",
          "System.Security.Principal.Windows": "4.7.0"
        }
      },
      "System.Security.Principal.Windows": {
        "type": "Transitive",
        "resolved": "4.7.0",
        "contentHash": "ojD0PX0XhneCsUbAZVKdb7h/70vyYMDYs85lwEI+LngEONe/17A0cFaRFqZU+sOEidcVswYWikYOQ9PPfjlbtQ=="
      },
      "System.Text.Encodings.Web": {
        "type": "Transitive",
        "resolved": "4.5.0",
        "contentHash": "Xg4G4Indi4dqP1iuAiMSwpiWS54ZghzR644OtsRCm/m/lBMG8dUBhLVN7hLm8NNrNTR+iGbshCPTwrvxZPlm4g=="
      },
      "System.Text.Json": {
        "type": "Transitive",
        "resolved": "4.7.1",
        "contentHash": "XwzMbct3iNepJaFylN1+l8weWlFburEzXidqleSsLvSXdHSIJHEKtRVKHPlpWcFmJX6k3goPFfVgUfp40RR+bg=="
      },
      "ngrok.apiclient": {
        "type": "Project",
        "dependencies": {
          "System.Text.Json": "4.7.1"
        }
      },
      "ngrok.aspnetcore": {
        "type": "Project",
        "dependencies": {
          "Microsoft.AspNetCore.Hosting": "2.2.7",
          "Microsoft.Extensions.DependencyInjection.Abstractions": "3.1.2",
          "Microsoft.Extensions.Hosting": "3.1.2",
          "Microsoft.Extensions.Hosting.Abstractions": "3.1.2",
          "Microsoft.Extensions.Http": "3.1.2",
          "Mono.Posix.NETStandard": "1.0.0",
          "Newtonsoft.Json": "12.0.3",
          "Ngrok.ApiClient": "1.0.0"
        }
      }
    }
  }
}