
Microsoft Visual Studio Solution File, Format Version 12.00
# Visual Studio Version 16
VisualStudioVersion = 16.0.29806.167
MinimumVisualStudioVersion = 10.0.40219.1
Project("{9A19103F-16F7-4668-BE54-9A1E7A4F7556}") = "Ngrok.AspNetCore", "Ngrok.AspNetCore\Ngrok.AspNetCore.csproj", "{2AEDAB6B-CD52-4F18-9538-69CEA05D1FB2}"
EndProject
Project("{9A19103F-16F7-4668-BE54-9A1E7A4F7556}") = "Ngrok.AspNetCore.Sample", "Ngrok.AspNetCore.Sample\Ngrok.AspNetCore.Sample.csproj", "{ED503E74-1A27-4492-A274-F7C5C0C43539}"
EndProject
Project("{9A19103F-16F7-4668-BE54-9A1E7A4F7556}") = "Ngrok.AspNetCore.Tests", "Ngrok.AspNetCore.Tests\Ngrok.AspNetCore.Tests.csproj", "{62A22276-8B4B-459B-AAC8-32F4A320CCE5}"
EndProject
Project("{9A19103F-16F7-4668-BE54-9A1E7A4F7556}") = "Ngrok.ApiClient", "Ngrok.ApiClient\Ngrok.ApiClient.csproj", "{0A7C315E-C9EF-48A5-BD5B-A7DFB0315738}"
EndProject
Project("{9A19103F-16F7-4668-BE54-9A1E7A4F7556}") = "Ngrok.ApiClient.IntegrationTests", "Ngrok.ApiClient.IntegrationTests\Ngrok.ApiClient.IntegrationTests.csproj", "{0ACB9EC5-138B-4CA5-9D09-DAAEF6529306}"
EndProject
Global
	GlobalSection(SolutionConfigurationPlatforms) = preSolution
		Debug|Any CPU = Debug|Any CPU
		Release|Any CPU = Release|Any CPU
	EndGlobalSection
	GlobalSection(ProjectConfigurationPlatforms) = postSolution
		{2AEDAB6B-CD52-4F18-9538-69CEA05D1FB2}.Debug|Any CPU.ActiveCfg = Debug|Any CPU
		{2AEDAB6B-CD52-4F18-9538-69CEA05D1FB2}.Debug|Any CPU.Build.0 = Debug|Any CPU
		{2AEDAB6B-CD52-4F18-9538-69CEA05D1FB2}.Release|Any CPU.ActiveCfg = Release|Any CPU
		{2AEDAB6B-CD52-4F18-9538-69CEA05D1FB2}.Release|Any CPU.Build.0 = Release|Any CPU
		{ED503E74-1A27-4492-A274-F7C5C0C43539}.Debug|Any CPU.ActiveCfg = Debug|Any CPU
		{ED503E74-1A27-4492-A274-F7C5C0C43539}.Debug|Any CPU.Build.0 = Debug|Any CPU
		{ED503E74-1A27-4492-A274-F7C5C0C43539}.Release|Any CPU.ActiveCfg = Release|Any CPU
		{ED503E74-1A27-4492-A274-F7C5C0C43539}.Release|Any CPU.Build.0 = Release|Any CPU
		{62A22276-8B4B-459B-AAC8-32F4A320CCE5}.Debug|Any CPU.ActiveCfg = Debug|Any CPU
		{62A22276-8B4B-459B-AAC8-32F4A320CCE5}.Debug|Any CPU.Build.0 = Debug|Any CPU
		{62A22276-8B4B-459B-AAC8-32F4A320CCE5}.Release|Any CPU.ActiveCfg = Release|Any CPU
		{62A22276-8B4B-459B-AAC8-32F4A320CCE5}.Release|Any CPU.Build.0 = Release|Any CPU
		{0A7C315E-C9EF-48A5-BD5B-A7DFB0315738}.Debug|Any CPU.ActiveCfg = Debug|Any CPU
		{0A7C315E-C9EF-48A5-BD5B-A7DFB0315738}.Debug|Any CPU.Build.0 = Debug|Any CPU
		{0A7C315E-C9EF-48A5-BD5B-A7DFB0315738}.Release|Any CPU.ActiveCfg = Release|Any CPU
		{0A7C315E-C9EF-48A5-BD5B-A7DFB0315738}.Release|Any CPU.Build.0 = Release|Any CPU
		{0ACB9EC5-138B-4CA5-9D09-DAAEF6529306}.Debug|Any CPU.ActiveCfg = Debug|Any CPU
		{0ACB9EC5-138B-4CA5-9D09-DAAEF6529306}.Debug|Any CPU.Build.0 = Debug|Any CPU
		{0ACB9EC5-138B-4CA5-9D09-DAAEF6529306}.Release|Any CPU.ActiveCfg = Release|Any CPU
		{0ACB9EC5-138B-4CA5-9D09-DAAEF6529306}.Release|Any CPU.Build.0 = Release|Any CPU
	EndGlobalSection
	GlobalSection(SolutionProperties) = preSolution
		HideSolutionNode = FALSE
	EndGlobalSection
	GlobalSection(ExtensibilityGlobals) = postSolution
		SolutionGuid = {03329965-2AFC-4B22-B7A4-9AAD58FFB0C5}
	EndGlobalSection
EndGlobal
